// !$*UTF8*$!
{
	archiveVersion = 1;
	classes = {
	};
	objectVersion = 46;
	objects = {

/* Begin PBXBuildFile section */
		D8C803F01B9F3ED800990AA0 /* main.m in Sources */ = {isa = PBXBuildFile; fileRef = D8C803EF1B9F3ED800990AA0 /* main.m */; };
		D8C803F31B9F3ED800990AA0 /* AppDelegate.m in Sources */ = {isa = PBXBuildFile; fileRef = D8C803F21B9F3ED800990AA0 /* AppDelegate.m */; };
		D8C803F61B9F3ED800990AA0 /* ViewController.m in Sources */ = {isa = PBXBuildFile; fileRef = D8C803F51B9F3ED800990AA0 /* ViewController.m */; };
		D8C803F91B9F3ED800990AA0 /* Main.storyboard in Resources */ = {isa = PBXBuildFile; fileRef = D8C803F71B9F3ED800990AA0 /* Main.storyboard */; };
		D8C803FB1B9F3ED800990AA0 /* Images.xcassets in Resources */ = {isa = PBXBuildFile; fileRef = D8C803FA1B9F3ED800990AA0 /* Images.xcassets */; };
		D8C803FE1B9F3ED800990AA0 /* LaunchScreen.xib in Resources */ = {isa = PBXBuildFile; fileRef = D8C803FC1B9F3ED800990AA0 /* LaunchScreen.xib */; };
		D8C8040A1B9F3ED800990AA0 /* PaintCodeSimpleTests.m in Sources */ = {isa = PBXBuildFile; fileRef = D8C804091B9F3ED800990AA0 /* PaintCodeSimpleTests.m */; };
		D8C804151B9F3F1000990AA0 /* PCButton.m in Sources */ = {isa = PBXBuildFile; fileRef = D8C804141B9F3F1000990AA0 /* PCButton.m */; };
		D8E527731B9F607D008B4B07 /* MyStyle.m in Sources */ = {isa = PBXBuildFile; fileRef = D8E527721B9F607D008B4B07 /* MyStyle.m */; };
		D8E527761B9F60C2008B4B07 /* BubbleView.m in Sources */ = {isa = PBXBuildFile; fileRef = D8E527751B9F60C2008B4B07 /* BubbleView.m */; };
		D8E5277F1BA0CF76008B4B07 /* LogoView.m in Sources */ = {isa = PBXBuildFile; fileRef = D8E5277E1BA0CF76008B4B07 /* LogoView.m */; };
/* End PBXBuildFile section */

/* Begin PBXContainerItemProxy section */
		D8C804041B9F3ED800990AA0 /* PBXContainerItemProxy */ = {
			isa = PBXContainerItemProxy;
			containerPortal = D8C803E21B9F3ED800990AA0 /* Project object */;
			proxyType = 1;
			remoteGlobalIDString = D8C803E91B9F3ED800990AA0;
			remoteInfo = PaintCodeSimple;
		};
/* End PBXContainerItemProxy section */

/* Begin PBXFileReference section */
		D8C803EA1B9F3ED800990AA0 /* PaintCodeSimple.app */ = {isa = PBXFileReference; explicitFileType = wrapper.application; includeInIndex = 0; path = PaintCodeSimple.app; sourceTree = BUILT_PRODUCTS_DIR; };
		D8C803EE1B9F3ED800990AA0 /* Info.plist */ = {isa = PBXFileReference; lastKnownFileType = text.plist.xml; path = Info.plist; sourceTree = "<group>"; };
		D8C803EF1B9F3ED800990AA0 /* main.m */ = {isa = PBXFileReference; lastKnownFileType = sourcecode.c.objc; path = main.m; sourceTree = "<group>"; };
		D8C803F11B9F3ED800990AA0 /* AppDelegate.h */ = {isa = PBXFileReference; lastKnownFileType = sourcecode.c.h; path = AppDelegate.h; sourceTree = "<group>"; };
		D8C803F21B9F3ED800990AA0 /* AppDelegate.m */ = {isa = PBXFileReference; lastKnownFileType = sourcecode.c.objc; path = AppDelegate.m; sourceTree = "<group>"; };
		D8C803F41B9F3ED800990AA0 /* ViewController.h */ = {isa = PBXFileReference; lastKnownFileType = sourcecode.c.h; path = ViewController.h; sourceTree = "<group>"; };
		D8C803F51B9F3ED800990AA0 /* ViewController.m */ = {isa = PBXFileReference; lastKnownFileType = sourcecode.c.objc; path = ViewController.m; sourceTree = "<group>"; };
		D8C803F81B9F3ED800990AA0 /* Base */ = {isa = PBXFileReference; lastKnownFileType = file.storyboard; name = Base; path = Base.lproj/Main.storyboard; sourceTree = "<group>"; };
		D8C803FA1B9F3ED800990AA0 /* Images.xcassets */ = {isa = PBXFileReference; lastKnownFileType = folder.assetcatalog; path = Images.xcassets; sourceTree = "<group>"; };
		D8C803FD1B9F3ED800990AA0 /* Base */ = {isa = PBXFileReference; lastKnownFileType = file.xib; name = Base; path = Base.lproj/LaunchScreen.xib; sourceTree = "<group>"; };
		D8C804031B9F3ED800990AA0 /* PaintCodeSimpleTests.xctest */ = {isa = PBXFileReference; explicitFileType = wrapper.cfbundle; includeInIndex = 0; path = PaintCodeSimpleTests.xctest; sourceTree = BUILT_PRODUCTS_DIR; };
		D8C804081B9F3ED800990AA0 /* Info.plist */ = {isa = PBXFileReference; lastKnownFileType = text.plist.xml; path = Info.plist; sourceTree = "<group>"; };
		D8C804091B9F3ED800990AA0 /* PaintCodeSimpleTests.m */ = {isa = PBXFileReference; lastKnownFileType = sourcecode.c.objc; path = PaintCodeSimpleTests.m; sourceTree = "<group>"; };
		D8C804131B9F3F1000990AA0 /* PCButton.h */ = {isa = PBXFileReference; fileEncoding = 4; lastKnownFileType = sourcecode.c.h; path = PCButton.h; sourceTree = "<group>"; };
		D8C804141B9F3F1000990AA0 /* PCButton.m */ = {isa = PBXFileReference; fileEncoding = 4; lastKnownFileType = sourcecode.c.objc; path = PCButton.m; sourceTree = "<group>"; };
		D8E527711B9F607D008B4B07 /* MyStyle.h */ = {isa = PBXFileReference; fileEncoding = 4; lastKnownFileType = sourcecode.c.h; path = MyStyle.h; sourceTree = "<group>"; };
		D8E527721B9F607D008B4B07 /* MyStyle.m */ = {isa = PBXFileReference; fileEncoding = 4; lastKnownFileType = sourcecode.c.objc; path = MyStyle.m; sourceTree = "<group>"; };
		D8E527741B9F60C2008B4B07 /* BubbleView.h */ = {isa = PBXFileReference; fileEncoding = 4; lastKnownFileType = sourcecode.c.h; path = BubbleView.h; sourceTree = "<group>"; };
		D8E527751B9F60C2008B4B07 /* BubbleView.m */ = {isa = PBXFileReference; fileEncoding = 4; lastKnownFileType = sourcecode.c.objc; path = BubbleView.m; sourceTree = "<group>"; };
		D8E5277D1BA0CF76008B4B07 /* LogoView.h */ = {isa = PBXFileReference; fileEncoding = 4; lastKnownFileType = sourcecode.c.h; path = LogoView.h; sourceTree = "<group>"; };
		D8E5277E1BA0CF76008B4B07 /* LogoView.m */ = {isa = PBXFileReference; fileEncoding = 4; lastKnownFileType = sourcecode.c.objc; path = LogoView.m; sourceTree = "<group>"; };
/* End PBXFileReference section */

/* Begin PBXFrameworksBuildPhase section */
		D8C803E71B9F3ED800990AA0 /* Frameworks */ = {
			isa = PBXFrameworksBuildPhase;
			buildActionMask = 2147483647;
			files = (
			);
			runOnlyForDeploymentPostprocessing = 0;
		};
		D8C804001B9F3ED800990AA0 /* Frameworks */ = {
			isa = PBXFrameworksBuildPhase;
			buildActionMask = 2147483647;
			files = (
			);
			runOnlyForDeploymentPostprocessing = 0;
		};
/* End PBXFrameworksBuildPhase section */

/* Begin PBXGroup section */
		D8C803E11B9F3ED800990AA0 = {
			isa = PBXGroup;
			children = (
				D8C803EC1B9F3ED800990AA0 /* PaintCodeSimple */,
				D8C804061B9F3ED800990AA0 /* PaintCodeSimpleTests */,
				D8C803EB1B9F3ED800990AA0 /* Products */,
			);
			sourceTree = "<group>";
		};
		D8C803EB1B9F3ED800990AA0 /* Products */ = {
			isa = PBXGroup;
			children = (
				D8C803EA1B9F3ED800990AA0 /* PaintCodeSimple.app */,
				D8C804031B9F3ED800990AA0 /* PaintCodeSimpleTests.xctest */,
			);
			name = Products;
			sourceTree = "<group>";
		};
		D8C803EC1B9F3ED800990AA0 /* PaintCodeSimple */ = {
			isa = PBXGroup;
			children = (
				D8E527711B9F607D008B4B07 /* MyStyle.h */,
				D8E527721B9F607D008B4B07 /* MyStyle.m */,
				D8C803F11B9F3ED800990AA0 /* AppDelegate.h */,
				D8C803F21B9F3ED800990AA0 /* AppDelegate.m */,
				D8C803F41B9F3ED800990AA0 /* ViewController.h */,
				D8C803F51B9F3ED800990AA0 /* ViewController.m */,
				D8E527741B9F60C2008B4B07 /* BubbleView.h */,
				D8E527751B9F60C2008B4B07 /* BubbleView.m */,
				D8E5277D1BA0CF76008B4B07 /* LogoView.h */,
				D8E5277E1BA0CF76008B4B07 /* LogoView.m */,
				D8C804131B9F3F1000990AA0 /* PCButton.h */,
				D8C804141B9F3F1000990AA0 /* PCButton.m */,
				D8C803F71B9F3ED800990AA0 /* Main.storyboard */,
				D8C803FA1B9F3ED800990AA0 /* Images.xcassets */,
				D8C803FC1B9F3ED800990AA0 /* LaunchScreen.xib */,
				D8C803ED1B9F3ED800990AA0 /* Supporting Files */,
			);
			path = PaintCodeSimple;
			sourceTree = "<group>";
		};
		D8C803ED1B9F3ED800990AA0 /* Supporting Files */ = {
			isa = PBXGroup;
			children = (
				D8C803EE1B9F3ED800990AA0 /* Info.plist */,
				D8C803EF1B9F3ED800990AA0 /* main.m */,
			);
			name = "Supporting Files";
			sourceTree = "<group>";
		};
		D8C804061B9F3ED800990AA0 /* PaintCodeSimpleTests */ = {
			isa = PBXGroup;
			children = (
				D8C804091B9F3ED800990AA0 /* PaintCodeSimpleTests.m */,
				D8C804071B9F3ED800990AA0 /* Supporting Files */,
			);
			path = PaintCodeSimpleTests;
			sourceTree = "<group>";
		};
		D8C804071B9F3ED800990AA0 /* Supporting Files */ = {
			isa = PBXGroup;
			children = (
				D8C804081B9F3ED800990AA0 /* Info.plist */,
			);
			name = "Supporting Files";
			sourceTree = "<group>";
		};
/* End PBXGroup section */

/* Begin PBXNativeTarget section */
		D8C803E91B9F3ED800990AA0 /* PaintCodeSimple */ = {
			isa = PBXNativeTarget;
			buildConfigurationList = D8C8040D1B9F3ED800990AA0 /* Build configuration list for PBXNativeTarget "PaintCodeSimple" */;
			buildPhases = (
				D8C803E61B9F3ED800990AA0 /* Sources */,
				D8C803E71B9F3ED800990AA0 /* Frameworks */,
				D8C803E81B9F3ED800990AA0 /* Resources */,
			);
			buildRules = (
			);
			dependencies = (
			);
			name = PaintCodeSimple;
			productName = PaintCodeSimple;
			productReference = D8C803EA1B9F3ED800990AA0 /* PaintCodeSimple.app */;
			productType = "com.apple.product-type.application";
		};
		D8C804021B9F3ED800990AA0 /* PaintCodeSimpleTests */ = {
			isa = PBXNativeTarget;
			buildConfigurationList = D8C804101B9F3ED800990AA0 /* Build configuration list for PBXNativeTarget "PaintCodeSimpleTests" */;
			buildPhases = (
				D8C803FF1B9F3ED800990AA0 /* Sources */,
				D8C804001B9F3ED800990AA0 /* Frameworks */,
				D8C804011B9F3ED800990AA0 /* Resources */,
			);
			buildRules = (
			);
			dependencies = (
				D8C804051B9F3ED800990AA0 /* PBXTargetDependency */,
			);
			name = PaintCodeSimpleTests;
			productName = PaintCodeSimpleTests;
			productReference = D8C804031B9F3ED800990AA0 /* PaintCodeSimpleTests.xctest */;
			productType = "com.apple.product-type.bundle.unit-test";
		};
/* End PBXNativeTarget section */

/* Begin PBXProject section */
		D8C803E21B9F3ED800990AA0 /* Project object */ = {
			isa = PBXProject;
			attributes = {
				LastUpgradeCheck = 0640;
				ORGANIZATIONNAME = Paolo;
				TargetAttributes = {
					D8C803E91B9F3ED800990AA0 = {
						CreatedOnToolsVersion = 6.4;
					};
					D8C804021B9F3ED800990AA0 = {
						CreatedOnToolsVersion = 6.4;
						TestTargetID = D8C803E91B9F3ED800990AA0;
					};
				};
			};
			buildConfigurationList = D8C803E51B9F3ED800990AA0 /* Build configuration list for PBXProject "PaintCodeSimple" */;
			compatibilityVersion = "Xcode 3.2";
			developmentRegion = English;
			hasScannedForEncodings = 0;
			knownRegions = (
				en,
				Base,
			);
			mainGroup = D8C803E11B9F3ED800990AA0;
			productRefGroup = D8C803EB1B9F3ED800990AA0 /* Products */;
			projectDirPath = "";
			projectRoot = "";
			targets = (
				D8C803E91B9F3ED800990AA0 /* PaintCodeSimple */,
				D8C804021B9F3ED800990AA0 /* PaintCodeSimpleTests */,
			);
		};
/* End PBXProject section */

/* Begin PBXResourcesBuildPhase section */
		D8C803E81B9F3ED800990AA0 /* Resources */ = {
			isa = PBXResourcesBuildPhase;
			buildActionMask = 2147483647;
			files = (
				D8C803F91B9F3ED800990AA0 /* Main.storyboard in Resources */,
				D8C803FE1B9F3ED800990AA0 /* LaunchScreen.xib in Resources */,
				D8C803FB1B9F3ED800990AA0 /* Images.xcassets in Resources */,
			);
			runOnlyForDeploymentPostprocessing = 0;
		};
		D8C804011B9F3ED800990AA0 /* Resources */ = {
			isa = PBXResourcesBuildPhase;
			buildActionMask = 2147483647;
			files = (
			);
			runOnlyForDeploymentPostprocessing = 0;
		};
/* End PBXResourcesBuildPhase section */

/* Begin PBXSourcesBuildPhase section */
		D8C803E61B9F3ED800990AA0 /* Sources */ = {
			isa = PBXSourcesBuildPhase;
			buildActionMask = 2147483647;
			files = (
				D8C804151B9F3F1000990AA0 /* PCButton.m in Sources */,
				D8C803F61B9F3ED800990AA0 /* ViewController.m in Sources */,
				D8E527761B9F60C2008B4B07 /* BubbleView.m in Sources */,
				D8C803F31B9F3ED800990AA0 /* AppDelegate.m in Sources */,
				D8E527731B9F607D008B4B07 /* MyStyle.m in Sources */,
				D8E5277F1BA0CF76008B4B07 /* LogoView.m in Sources */,
				D8C803F01B9F3ED800990AA0 /* main.m in Sources */,
			);
			runOnlyForDeploymentPostprocessing = 0;
		};
		D8C803FF1B9F3ED800990AA0 /* Sources */ = {
			isa = PBXSourcesBuildPhase;
			buildActionMask = 2147483647;
			files = (
				D8C8040A1B9F3ED800990AA0 /* PaintCodeSimpleTests.m in Sources */,
			);
			runOnlyForDeploymentPostprocessing = 0;
		};
/* End PBXSourcesBuildPhase section */

/* Begin PBXTargetDependency section */
		D8C804051B9F3ED800990AA0 /* PBXTargetDependency */ = {
			isa = PBXTargetDependency;
			target = D8C803E91B9F3ED800990AA0 /* PaintCodeSimple */;
			targetProxy = D8C804041B9F3ED800990AA0 /* PBXContainerItemProxy */;
		};
/* End PBXTargetDependency section */

/* Begin PBXVariantGroup section */
		D8C803F71B9F3ED800990AA0 /* Main.storyboard */ = {
			isa = PBXVariantGroup;
			children = (
				D8C803F81B9F3ED800990AA0 /* Base */,
			);
			name = Main.storyboard;
			sourceTree = "<group>";
		};
		D8C803FC1B9F3ED800990AA0 /* LaunchScreen.xib */ = {
			isa = PBXVariantGroup;
			children = (
				D8C803FD1B9F3ED800990AA0 /* Base */,
			);
			name = LaunchScreen.xib;
			sourceTree = "<group>";
		};
/* End PBXVariantGroup section */

/* Begin XCBuildConfiguration section */
		D8C8040B1B9F3ED800990AA0 /* Debug */ = {
			isa = XCBuildConfiguration;
			buildSettings = {
				ALWAYS_SEARCH_USER_PATHS = NO;
				CLANG_CXX_LANGUAGE_STANDARD = "gnu++0x";
				CLANG_CXX_LIBRARY = "libc++";
				CLANG_ENABLE_MODULES = YES;
				CLANG_ENABLE_OBJC_ARC = YES;
				CLANG_WARN_BOOL_CONVERSION = YES;
				CLANG_WARN_CONSTANT_CONVERSION = YES;
				CLANG_WARN_DIRECT_OBJC_ISA_USAGE = YES_ERROR;
				CLANG_WARN_EMPTY_BODY = YES;
				CLANG_WARN_ENUM_CONVERSION = YES;
				CLANG_WARN_INT_CONVERSION = YES;
				CLANG_WARN_OBJC_ROOT_CLASS = YES_ERROR;
				CLANG_WARN_UNREACHABLE_CODE = YES;
				CLANG_WARN__DUPLICATE_METHOD_MATCH = YES;
				"CODE_SIGN_IDENTITY[sdk=iphoneos*]" = "iPhone Developer";
				COPY_PHASE_STRIP = NO;
				DEBUG_INFORMATION_FORMAT = "dwarf-with-dsym";
				ENABLE_STRICT_OBJC_MSGSEND = YES;
				GCC_C_LANGUAGE_STANDARD = gnu99;
				GCC_DYNAMIC_NO_PIC = NO;
				GCC_NO_COMMON_BLOCKS = YES;
				GCC_OPTIMIZATION_LEVEL = 0;
				GCC_PREPROCESSOR_DEFINITIONS = (
					"DEBUG=1",
					"$(inherited)",
				);
				GCC_SYMBOLS_PRIVATE_EXTERN = NO;
				GCC_WARN_64_TO_32_BIT_CONVERSION = YES;
				GCC_WARN_ABOUT_RETURN_TYPE = YES_ERROR;
				GCC_WARN_UNDECLARED_SELECTOR = YES;
				GCC_WARN_UNINITIALIZED_AUTOS = YES_AGGRESSIVE;
				GCC_WARN_UNUSED_FUNCTION = YES;
				GCC_WARN_UNUSED_VARIABLE = YES;
				IPHONEOS_DEPLOYMENT_TARGET = 8.4;
				MTL_ENABLE_DEBUG_INFO = YES;
				ONLY_ACTIVE_ARCH = YES;
				SDKROOT = iphoneos;
			};
			name = Debug;
		};
		D8C8040C1B9F3ED800990AA0 /* Release */ = {
			isa = XCBuildConfiguration;
			buildSettings = {
				ALWAYS_SEARCH_USER_PATHS = NO;
				CLANG_CXX_LANGUAGE_STANDARD = "gnu++0x";
				CLANG_CXX_LIBRARY = "libc++";
				CLANG_ENABLE_MODULES = YES;
				CLANG_ENABLE_OBJC_ARC = YES;
				CLANG_WARN_BOOL_CONVERSION = YES;
				CLANG_WARN_CONSTANT_CONVERSION = YES;
				CLANG_WARN_DIRECT_OBJC_ISA_USAGE = YES_ERROR;
				CLANG_WARN_EMPTY_BODY = YES;
				CLANG_WARN_ENUM_CONVERSION = YES;
				CLANG_WARN_INT_CONVERSION = YES;
				CLANG_WARN_OBJC_ROOT_CLASS = YES_ERROR;
				CLANG_WARN_UNREACHABLE_CODE = YES;
				CLANG_WARN__DUPLICATE_METHOD_MATCH = YES;
				"CODE_SIGN_IDENTITY[sdk=iphoneos*]" = "iPhone Developer";
				COPY_PHASE_STRIP = NO;
				DEBUG_INFORMATION_FORMAT = "dwarf-with-dsym";
				ENABLE_NS_ASSERTIONS = NO;
				ENABLE_STRICT_OBJC_MSGSEND = YES;
				GCC_C_LANGUAGE_STANDARD = gnu99;
				GCC_NO_COMMON_BLOCKS = YES;
				GCC_WARN_64_TO_32_BIT_CONVERSION = YES;
				GCC_WARN_ABOUT_RETURN_TYPE = YES_ERROR;
				GCC_WARN_UNDECLARED_SELECTOR = YES;
				GCC_WARN_UNINITIALIZED_AUTOS = YES_AGGRESSIVE;
				GCC_WARN_UNUSED_FUNCTION = YES;
				GCC_WARN_UNUSED_VARIABLE = YES;
				IPHONEOS_DEPLOYMENT_TARGET = 8.4;
				MTL_ENABLE_DEBUG_INFO = NO;
				SDKROOT = iphoneos;
				VALIDATE_PRODUCT = YES;
			};
			name = Release;
		};
		D8C8040E1B9F3ED800990AA0 /* Debug */ = {
			isa = XCBuildConfiguration;
			buildSettings = {
				ASSETCATALOG_COMPILER_APPICON_NAME = AppIcon;
				INFOPLIST_FILE = PaintCodeSimple/Info.plist;
				LD_RUNPATH_SEARCH_PATHS = "$(inherited) @executable_path/Frameworks";
				PRODUCT_NAME = "$(TARGET_NAME)";
			};
			name = Debug;
		};
		D8C8040F1B9F3ED800990AA0 /* Release */ = {
			isa = XCBuildConfiguration;
			buildSettings = {
				ASSETCATALOG_COMPILER_APPICON_NAME = AppIcon;
				INFOPLIST_FILE = PaintCodeSimple/Info.plist;
				LD_RUNPATH_SEARCH_PATHS = "$(inherited) @executable_path/Frameworks";
				PRODUCT_NAME = "$(TARGET_NAME)";
			};
			name = Release;
		};
		D8C804111B9F3ED800990AA0 /* Debug */ = {
			isa = XCBuildConfiguration;
			buildSettings = {
				BUNDLE_LOADER = "$(TEST_HOST)";
				FRAMEWORK_SEARCH_PATHS = (
					"$(SDKROOT)/Developer/Library/Frameworks",
					"$(inherited)",
				);
				GCC_PREPROCESSOR_DEFINITIONS = (
					"DEBUG=1",
					"$(inherited)",
				);
				INFOPLIST_FILE = PaintCodeSimpleTests/Info.plist;
				LD_RUNPATH_SEARCH_PATHS = "$(inherited) @executable_path/Frameworks @loader_path/Frameworks";
				PRODUCT_NAME = "$(TARGET_NAME)";
				TEST_HOST = "$(BUILT_PRODUCTS_DIR)/PaintCodeSimple.app/PaintCodeSimple";
			};
			name = Debug;
		};
		D8C804121B9F3ED800990AA0 /* Release */ = {
			isa = XCBuildConfiguration;
			buildSettings = {
				BUNDLE_LOADER = "$(TEST_HOST)";
				FRAMEWORK_SEARCH_PATHS = (
					"$(SDKROOT)/Developer/Library/Frameworks",
					"$(inherited)",
				);
				INFOPLIST_FILE = PaintCodeSimpleTests/Info.plist;
				LD_RUNPATH_SEARCH_PATHS = "$(inherited) @executable_path/Frameworks @loader_path/Frameworks";
				PRODUCT_NAME = "$(TARGET_NAME)";
				TEST_HOST = "$(BUILT_PRODUCTS_DIR)/PaintCodeSimple.app/PaintCodeSimple";
			};
			name = Release;
		};
/* End XCBuildConfiguration section */

/* Begin XCConfigurationList section */
		D8C803E51B9F3ED800990AA0 /* Build configuration list for PBXProject "PaintCodeSimple" */ = {
			isa = XCConfigurationList;
			buildConfigurations = (
				D8C8040B1B9F3ED800990AA0 /* Debug */,
				D8C8040C1B9F3ED800990AA0 /* Release */,
			);
			defaultConfigurationIsVisible = 0;
			defaultConfigurationName = Release;
		};
		D8C8040D1B9F3ED800990AA0 /* Build configuration list for PBXNativeTarget "PaintCodeSimple" */ = {
			isa = XCConfigurationList;
			buildConfigurations = (
				D8C8040E1B9F3ED800990AA0 /* Debug */,
				D8C8040F1B9F3ED800990AA0 /* Release */,
			);
			defaultConfigurationIsVisible = 0;
			defaultConfigurationName = Release;
		};
		D8C804101B9F3ED800990AA0 /* Build configuration list for PBXNativeTarget "PaintCodeSimpleTests" */ = {
			isa = XCConfigurationList;
			buildConfigurations = (
				D8C804111B9F3ED800990AA0 /* Debug */,
				D8C804121B9F3ED800990AA0 /* Release */,
			);
			defaultConfigurationIsVisible = 0;
			defaultConfigurationName = Release;
		};
/* End XCConfigurationList section */
	};
	rootObject = D8C803E21B9F3ED800990AA0 /* Project object */;
}
